// !$*UTF8*$!
{
	archiveVersion = 1;
	classes = {
	};
	objectVersion = 56;
	objects = {

/* Begin PBXBuildFile section */
		3773F67B513AC9D3B1F01485 /* Pods_Artable_eCommerce.framework in Frameworks */ = {isa = PBXBuildFile; fileRef = 049AA1D5D069DBF626750DDE /* Pods_Artable_eCommerce.framework */; };
		9AF8DE518733CCB628CB20F4 /* Pods_ArtableAdmin.framework in Frameworks */ = {isa = PBXBuildFile; fileRef = 1C0E0A588D61D92FF344943A /* Pods_ArtableAdmin.framework */; };
		D848525A29DEE6F8004ACDF7 /* GoogleService-Info.plist in Resources */ = {isa = PBXBuildFile; fileRef = D848525929DEE6F8004ACDF7 /* GoogleService-Info.plist */; };
		D86153EC29DF082800C9C203 /* GoogleService-Info.plist in Resources */ = {isa = PBXBuildFile; fileRef = D86153EB29DF082800C9C203 /* GoogleService-Info.plist */; };
		D89DF7FA29DEA73B00290893 /* AppDelegate.swift in Sources */ = {isa = PBXBuildFile; fileRef = D89DF7F929DEA73B00290893 /* AppDelegate.swift */; };
		D89DF7FC29DEA73B00290893 /* SceneDelegate.swift in Sources */ = {isa = PBXBuildFile; fileRef = D89DF7FB29DEA73B00290893 /* SceneDelegate.swift */; };
		D89DF7FE29DEA73B00290893 /* ViewController.swift in Sources */ = {isa = PBXBuildFile; fileRef = D89DF7FD29DEA73B00290893 /* ViewController.swift */; };
		D89DF80129DEA73B00290893 /* Main.storyboard in Resources */ = {isa = PBXBuildFile; fileRef = D89DF7FF29DEA73B00290893 /* Main.storyboard */; };
		D89DF80329DEA73B00290893 /* Assets.xcassets in Resources */ = {isa = PBXBuildFile; fileRef = D89DF80229DEA73B00290893 /* Assets.xcassets */; };
		D89DF80629DEA73B00290893 /* LaunchScreen.storyboard in Resources */ = {isa = PBXBuildFile; fileRef = D89DF80429DEA73B00290893 /* LaunchScreen.storyboard */; };
		D89DF81429DEA7E800290893 /* AppDelegate.swift in Sources */ = {isa = PBXBuildFile; fileRef = D89DF81329DEA7E800290893 /* AppDelegate.swift */; };
		D89DF81629DEA7E800290893 /* SceneDelegate.swift in Sources */ = {isa = PBXBuildFile; fileRef = D89DF81529DEA7E800290893 /* SceneDelegate.swift */; };
		D89DF81829DEA7E800290893 /* ViewController.swift in Sources */ = {isa = PBXBuildFile; fileRef = D89DF81729DEA7E800290893 /* ViewController.swift */; };
		D89DF81B29DEA7E800290893 /* Main.storyboard in Resources */ = {isa = PBXBuildFile; fileRef = D89DF81929DEA7E800290893 /* Main.storyboard */; };
		D89DF82029DEA7E900290893 /* LaunchScreen.storyboard in Resources */ = {isa = PBXBuildFile; fileRef = D89DF81E29DEA7E900290893 /* LaunchScreen.storyboard */; };
		D89DF82629DEA83F00290893 /* Assets.xcassets in Resources */ = {isa = PBXBuildFile; fileRef = D89DF80229DEA73B00290893 /* Assets.xcassets */; };
		D89DF82829DEC90800290893 /* LoginStoryboard.storyboard in Resources */ = {isa = PBXBuildFile; fileRef = D89DF82729DEC90800290893 /* LoginStoryboard.storyboard */; };
/* End PBXBuildFile section */

/* Begin PBXFileReference section */
		049AA1D5D069DBF626750DDE /* Pods_Artable_eCommerce.framework */ = {isa = PBXFileReference; explicitFileType = wrapper.framework; includeInIndex = 0; path = Pods_Artable_eCommerce.framework; sourceTree = BUILT_PRODUCTS_DIR; };
		0A3717D70D483CB4D1B0D7D9 /* Pods-ArtableAdmin.debug.xcconfig */ = {isa = PBXFileReference; includeInIndex = 1; lastKnownFileType = text.xcconfig; name = "Pods-ArtableAdmin.debug.xcconfig"; path = "Target Support Files/Pods-ArtableAdmin/Pods-ArtableAdmin.debug.xcconfig"; sourceTree = "<group>"; };
		1C0E0A588D61D92FF344943A /* Pods_ArtableAdmin.framework */ = {isa = PBXFileReference; explicitFileType = wrapper.framework; includeInIndex = 0; path = Pods_ArtableAdmin.framework; sourceTree = BUILT_PRODUCTS_DIR; };
		5FFB715F041B7C8DC3005DFF /* Pods-Artable-eCommerce.release.xcconfig */ = {isa = PBXFileReference; includeInIndex = 1; lastKnownFileType = text.xcconfig; name = "Pods-Artable-eCommerce.release.xcconfig"; path = "Target Support Files/Pods-Artable-eCommerce/Pods-Artable-eCommerce.release.xcconfig"; sourceTree = "<group>"; };
		D848525929DEE6F8004ACDF7 /* GoogleService-Info.plist */ = {isa = PBXFileReference; fileEncoding = 4; lastKnownFileType = text.plist.xml; path = "GoogleService-Info.plist"; sourceTree = "<group>"; };
		D86153EB29DF082800C9C203 /* GoogleService-Info.plist */ = {isa = PBXFileReference; fileEncoding = 4; lastKnownFileType = text.plist.xml; path = "GoogleService-Info.plist"; sourceTree = "<group>"; };
		D89DF7F629DEA73B00290893 /* Artable-eCommerce.app */ = {isa = PBXFileReference; explicitFileType = wrapper.application; includeInIndex = 0; path = "Artable-eCommerce.app"; sourceTree = BUILT_PRODUCTS_DIR; };
		D89DF7F929DEA73B00290893 /* AppDelegate.swift */ = {isa = PBXFileReference; lastKnownFileType = sourcecode.swift; path = AppDelegate.swift; sourceTree = "<group>"; };
		D89DF7FB29DEA73B00290893 /* SceneDelegate.swift */ = {isa = PBXFileReference; lastKnownFileType = sourcecode.swift; path = SceneDelegate.swift; sourceTree = "<group>"; };
		D89DF7FD29DEA73B00290893 /* ViewController.swift */ = {isa = PBXFileReference; lastKnownFileType = sourcecode.swift; path = ViewController.swift; sourceTree = "<group>"; };
		D89DF80029DEA73B00290893 /* Base */ = {isa = PBXFileReference; lastKnownFileType = file.storyboard; name = Base; path = Base.lproj/Main.storyboard; sourceTree = "<group>"; };
		D89DF80229DEA73B00290893 /* Assets.xcassets */ = {isa = PBXFileReference; lastKnownFileType = folder.assetcatalog; path = Assets.xcassets; sourceTree = "<group>"; };
		D89DF80529DEA73B00290893 /* Base */ = {isa = PBXFileReference; lastKnownFileType = file.storyboard; name = Base; path = Base.lproj/LaunchScreen.storyboard; sourceTree = "<group>"; };
		D89DF80729DEA73B00290893 /* Info.plist */ = {isa = PBXFileReference; lastKnownFileType = text.plist.xml; path = Info.plist; sourceTree = "<group>"; };
		D89DF81129DEA7E800290893 /* ArtableAdmin.app */ = {isa = PBXFileReference; explicitFileType = wrapper.application; includeInIndex = 0; path = ArtableAdmin.app; sourceTree = BUILT_PRODUCTS_DIR; };
		D89DF81329DEA7E800290893 /* AppDelegate.swift */ = {isa = PBXFileReference; lastKnownFileType = sourcecode.swift; path = AppDelegate.swift; sourceTree = "<group>"; };
		D89DF81529DEA7E800290893 /* SceneDelegate.swift */ = {isa = PBXFileReference; lastKnownFileType = sourcecode.swift; path = SceneDelegate.swift; sourceTree = "<group>"; };
		D89DF81729DEA7E800290893 /* ViewController.swift */ = {isa = PBXFileReference; lastKnownFileType = sourcecode.swift; path = ViewController.swift; sourceTree = "<group>"; };
		D89DF81A29DEA7E800290893 /* Base */ = {isa = PBXFileReference; lastKnownFileType = file.storyboard; name = Base; path = Base.lproj/Main.storyboard; sourceTree = "<group>"; };
		D89DF81F29DEA7E900290893 /* Base */ = {isa = PBXFileReference; lastKnownFileType = file.storyboard; name = Base; path = Base.lproj/LaunchScreen.storyboard; sourceTree = "<group>"; };
		D89DF82129DEA7E900290893 /* Info.plist */ = {isa = PBXFileReference; lastKnownFileType = text.plist.xml; path = Info.plist; sourceTree = "<group>"; };
		D89DF82729DEC90800290893 /* LoginStoryboard.storyboard */ = {isa = PBXFileReference; lastKnownFileType = file.storyboard; path = LoginStoryboard.storyboard; sourceTree = "<group>"; };
		DCC1EBC80B4E0221F6C01D0C /* Pods-Artable-eCommerce.debug.xcconfig */ = {isa = PBXFileReference; includeInIndex = 1; lastKnownFileType = text.xcconfig; name = "Pods-Artable-eCommerce.debug.xcconfig"; path = "Target Support Files/Pods-Artable-eCommerce/Pods-Artable-eCommerce.debug.xcconfig"; sourceTree = "<group>"; };
		E1C06D77A72447FDE721BC67 /* Pods-ArtableAdmin.release.xcconfig */ = {isa = PBXFileReference; includeInIndex = 1; lastKnownFileType = text.xcconfig; name = "Pods-ArtableAdmin.release.xcconfig"; path = "Target Support Files/Pods-ArtableAdmin/Pods-ArtableAdmin.release.xcconfig"; sourceTree = "<group>"; };
/* End PBXFileReference section */

/* Begin PBXFrameworksBuildPhase section */
		D89DF7F329DEA73B00290893 /* Frameworks */ = {
			isa = PBXFrameworksBuildPhase;
			buildActionMask = 2147483647;
			files = (
				3773F67B513AC9D3B1F01485 /* Pods_Artable_eCommerce.framework in Frameworks */,
			);
			runOnlyForDeploymentPostprocessing = 0;
		};
		D89DF80E29DEA7E800290893 /* Frameworks */ = {
			isa = PBXFrameworksBuildPhase;
			buildActionMask = 2147483647;
			files = (
				9AF8DE518733CCB628CB20F4 /* Pods_ArtableAdmin.framework in Frameworks */,
			);
			runOnlyForDeploymentPostprocessing = 0;
		};
/* End PBXFrameworksBuildPhase section */

/* Begin PBXGroup section */
		0193BF6D3D639112FED77E4C /* Frameworks */ = {
			isa = PBXGroup;
			children = (
				049AA1D5D069DBF626750DDE /* Pods_Artable_eCommerce.framework */,
				1C0E0A588D61D92FF344943A /* Pods_ArtableAdmin.framework */,
			);
			name = Frameworks;
			sourceTree = "<group>";
		};
		1F2DB4B555A0F7360E29050D /* Pods */ = {
			isa = PBXGroup;
			children = (
				DCC1EBC80B4E0221F6C01D0C /* Pods-Artable-eCommerce.debug.xcconfig */,
				5FFB715F041B7C8DC3005DFF /* Pods-Artable-eCommerce.release.xcconfig */,
				0A3717D70D483CB4D1B0D7D9 /* Pods-ArtableAdmin.debug.xcconfig */,
				E1C06D77A72447FDE721BC67 /* Pods-ArtableAdmin.release.xcconfig */,
			);
			path = Pods;
			sourceTree = "<group>";
		};
		D89DF7ED29DEA73B00290893 = {
			isa = PBXGroup;
			children = (
				D89DF82529DEA81A00290893 /* Shared */,
				D89DF7F829DEA73B00290893 /* Artable-eCommerce */,
				D89DF81229DEA7E800290893 /* ArtableAdmin */,
				D89DF7F729DEA73B00290893 /* Products */,
				1F2DB4B555A0F7360E29050D /* Pods */,
				0193BF6D3D639112FED77E4C /* Frameworks */,
			);
			sourceTree = "<group>";
		};
		D89DF7F729DEA73B00290893 /* Products */ = {
			isa = PBXGroup;
			children = (
				D89DF7F629DEA73B00290893 /* Artable-eCommerce.app */,
				D89DF81129DEA7E800290893 /* ArtableAdmin.app */,
			);
			name = Products;
			sourceTree = "<group>";
		};
		D89DF7F829DEA73B00290893 /* Artable-eCommerce */ = {
			isa = PBXGroup;
			children = (
				D89DF7F929DEA73B00290893 /* AppDelegate.swift */,
				D89DF7FB29DEA73B00290893 /* SceneDelegate.swift */,
				D89DF7FD29DEA73B00290893 /* ViewController.swift */,
				D89DF82729DEC90800290893 /* LoginStoryboard.storyboard */,
				D89DF7FF29DEA73B00290893 /* Main.storyboard */,
				D89DF80429DEA73B00290893 /* LaunchScreen.storyboard */,
				D848525929DEE6F8004ACDF7 /* GoogleService-Info.plist */,
				D89DF80729DEA73B00290893 /* Info.plist */,
			);
			path = "Artable-eCommerce";
			sourceTree = "<group>";
		};
		D89DF81229DEA7E800290893 /* ArtableAdmin */ = {
			isa = PBXGroup;
			children = (
				D89DF81329DEA7E800290893 /* AppDelegate.swift */,
				D89DF81529DEA7E800290893 /* SceneDelegate.swift */,
				D89DF81729DEA7E800290893 /* ViewController.swift */,
				D89DF81929DEA7E800290893 /* Main.storyboard */,
				D89DF81E29DEA7E900290893 /* LaunchScreen.storyboard */,
				D86153EB29DF082800C9C203 /* GoogleService-Info.plist */,
				D89DF82129DEA7E900290893 /* Info.plist */,
			);
			path = ArtableAdmin;
			sourceTree = "<group>";
		};
		D89DF82529DEA81A00290893 /* Shared */ = {
			isa = PBXGroup;
			children = (
				D89DF80229DEA73B00290893 /* Assets.xcassets */,
			);
			path = Shared;
			sourceTree = "<group>";
		};
/* End PBXGroup section */

/* Begin PBXNativeTarget section */
		D89DF7F529DEA73B00290893 /* Artable-eCommerce */ = {
			isa = PBXNativeTarget;
			buildConfigurationList = D89DF80A29DEA73B00290893 /* Build configuration list for PBXNativeTarget "Artable-eCommerce" */;
			buildPhases = (
				7E7BB5B8BFB40FF30954DB9F /* [CP] Check Pods Manifest.lock */,
				D89DF7F229DEA73B00290893 /* Sources */,
				D89DF7F329DEA73B00290893 /* Frameworks */,
				D89DF7F429DEA73B00290893 /* Resources */,
				C6100159F103F7EE19F1AA6B /* [CP] Embed Pods Frameworks */,
			);
			buildRules = (
			);
			dependencies = (
			);
			name = "Artable-eCommerce";
			productName = "Artable-eCommerce";
			productReference = D89DF7F629DEA73B00290893 /* Artable-eCommerce.app */;
			productType = "com.apple.product-type.application";
		};
		D89DF81029DEA7E800290893 /* ArtableAdmin */ = {
			isa = PBXNativeTarget;
			buildConfigurationList = D89DF82229DEA7E900290893 /* Build configuration list for PBXNativeTarget "ArtableAdmin" */;
			buildPhases = (
				EFFC7BE9BB90C65E591673F4 /* [CP] Check Pods Manifest.lock */,
				D89DF80D29DEA7E800290893 /* Sources */,
				D89DF80E29DEA7E800290893 /* Frameworks */,
				D89DF80F29DEA7E800290893 /* Resources */,
				1F710336B157B393A7DA566B /* [CP] Embed Pods Frameworks */,
			);
			buildRules = (
			);
			dependencies = (
			);
			name = ArtableAdmin;
			productName = ArtableAdmin;
			productReference = D89DF81129DEA7E800290893 /* ArtableAdmin.app */;
			productType = "com.apple.product-type.application";
		};
/* End PBXNativeTarget section */

/* Begin PBXProject section */
		D89DF7EE29DEA73B00290893 /* Project object */ = {
			isa = PBXProject;
			attributes = {
				BuildIndependentTargetsInParallel = 1;
				LastSwiftUpdateCheck = 1420;
				LastUpgradeCheck = 1420;
				TargetAttributes = {
					D89DF7F529DEA73B00290893 = {
						CreatedOnToolsVersion = 14.2;
					};
					D89DF81029DEA7E800290893 = {
						CreatedOnToolsVersion = 14.2;
					};
				};
			};
			buildConfigurationList = D89DF7F129DEA73B00290893 /* Build configuration list for PBXProject "Artable-eCommerce" */;
			compatibilityVersion = "Xcode 14.0";
			developmentRegion = en;
			hasScannedForEncodings = 0;
			knownRegions = (
				en,
				Base,
			);
			mainGroup = D89DF7ED29DEA73B00290893;
			productRefGroup = D89DF7F729DEA73B00290893 /* Products */;
			projectDirPath = "";
			projectRoot = "";
			targets = (
				D89DF7F529DEA73B00290893 /* Artable-eCommerce */,
				D89DF81029DEA7E800290893 /* ArtableAdmin */,
			);
		};
/* End PBXProject section */

/* Begin PBXResourcesBuildPhase section */
		D89DF7F429DEA73B00290893 /* Resources */ = {
			isa = PBXResourcesBuildPhase;
			buildActionMask = 2147483647;
			files = (
				D89DF80629DEA73B00290893 /* LaunchScreen.storyboard in Resources */,
				D89DF80329DEA73B00290893 /* Assets.xcassets in Resources */,
				D848525A29DEE6F8004ACDF7 /* GoogleService-Info.plist in Resources */,
				D89DF80129DEA73B00290893 /* Main.storyboard in Resources */,
				D89DF82829DEC90800290893 /* LoginStoryboard.storyboard in Resources */,
			);
			runOnlyForDeploymentPostprocessing = 0;
		};
		D89DF80F29DEA7E800290893 /* Resources */ = {
			isa = PBXResourcesBuildPhase;
			buildActionMask = 2147483647;
			files = (
				D89DF82029DEA7E900290893 /* LaunchScreen.storyboard in Resources */,
				D86153EC29DF082800C9C203 /* GoogleService-Info.plist in Resources */,
				D89DF82629DEA83F00290893 /* Assets.xcassets in Resources */,
				D89DF81B29DEA7E800290893 /* Main.storyboard in Resources */,
			);
			runOnlyForDeploymentPostprocessing = 0;
		};
/* End PBXResourcesBuildPhase section */

/* Begin PBXShellScriptBuildPhase section */
		1F710336B157B393A7DA566B /* [CP] Embed Pods Frameworks */ = {
			isa = PBXShellScriptBuildPhase;
			buildActionMask = 2147483647;
			files = (
			);
			inputFileListPaths = (
				"${PODS_ROOT}/Target Support Files/Pods-ArtableAdmin/Pods-ArtableAdmin-frameworks-${CONFIGURATION}-input-files.xcfilelist",
			);
			name = "[CP] Embed Pods Frameworks";
			outputFileListPaths = (
				"${PODS_ROOT}/Target Support Files/Pods-ArtableAdmin/Pods-ArtableAdmin-frameworks-${CONFIGURATION}-output-files.xcfilelist",
			);
			runOnlyForDeploymentPostprocessing = 0;
			shellPath = /bin/sh;
			shellScript = "\"${PODS_ROOT}/Target Support Files/Pods-ArtableAdmin/Pods-ArtableAdmin-frameworks.sh\"\n";
			showEnvVarsInLog = 0;
		};
		7E7BB5B8BFB40FF30954DB9F /* [CP] Check Pods Manifest.lock */ = {
			isa = PBXShellScriptBuildPhase;
			buildActionMask = 2147483647;
			files = (
			);
			inputFileListPaths = (
			);
			inputPaths = (
				"${PODS_PODFILE_DIR_PATH}/Podfile.lock",
				"${PODS_ROOT}/Manifest.lock",
			);
			name = "[CP] Check Pods Manifest.lock";
			outputFileListPaths = (
			);
			outputPaths = (
				"$(DERIVED_FILE_DIR)/Pods-Artable-eCommerce-checkManifestLockResult.txt",
			);
			runOnlyForDeploymentPostprocessing = 0;
			shellPath = /bin/sh;
			shellScript = "diff \"${PODS_PODFILE_DIR_PATH}/Podfile.lock\" \"${PODS_ROOT}/Manifest.lock\" > /dev/null\nif [ $? != 0 ] ; then\n    # print error to STDERR\n    echo \"error: The sandbox is not in sync with the Podfile.lock. Run 'pod install' or update your CocoaPods installation.\" >&2\n    exit 1\nfi\n# This output is used by Xcode 'outputs' to avoid re-running this script phase.\necho \"SUCCESS\" > \"${SCRIPT_OUTPUT_FILE_0}\"\n";
			showEnvVarsInLog = 0;
		};
		C6100159F103F7EE19F1AA6B /* [CP] Embed Pods Frameworks */ = {
			isa = PBXShellScriptBuildPhase;
			buildActionMask = 2147483647;
			files = (
			);
			inputFileListPaths = (
				"${PODS_ROOT}/Target Support Files/Pods-Artable-eCommerce/Pods-Artable-eCommerce-frameworks-${CONFIGURATION}-input-files.xcfilelist",
			);
			name = "[CP] Embed Pods Frameworks";
			outputFileListPaths = (
				"${PODS_ROOT}/Target Support Files/Pods-Artable-eCommerce/Pods-Artable-eCommerce-frameworks-${CONFIGURATION}-output-files.xcfilelist",
			);
			runOnlyForDeploymentPostprocessing = 0;
			shellPath = /bin/sh;
			shellScript = "\"${PODS_ROOT}/Target Support Files/Pods-Artable-eCommerce/Pods-Artable-eCommerce-frameworks.sh\"\n";
			showEnvVarsInLog = 0;
		};
		EFFC7BE9BB90C65E591673F4 /* [CP] Check Pods Manifest.lock */ = {
			isa = PBXShellScriptBuildPhase;
			buildActionMask = 2147483647;
			files = (
			);
			inputFileListPaths = (
			);
			inputPaths = (
				"${PODS_PODFILE_DIR_PATH}/Podfile.lock",
				"${PODS_ROOT}/Manifest.lock",
			);
			name = "[CP] Check Pods Manifest.lock";
			outputFileListPaths = (
			);
			outputPaths = (
				"$(DERIVED_FILE_DIR)/Pods-ArtableAdmin-checkManifestLockResult.txt",
			);
			runOnlyForDeploymentPostprocessing = 0;
			shellPath = /bin/sh;
			shellScript = "diff \"${PODS_PODFILE_DIR_PATH}/Podfile.lock\" \"${PODS_ROOT}/Manifest.lock\" > /dev/null\nif [ $? != 0 ] ; then\n    # print error to STDERR\n    echo \"error: The sandbox is not in sync with the Podfile.lock. Run 'pod install' or update your CocoaPods installation.\" >&2\n    exit 1\nfi\n# This output is used by Xcode 'outputs' to avoid re-running this script phase.\necho \"SUCCESS\" > \"${SCRIPT_OUTPUT_FILE_0}\"\n";
			showEnvVarsInLog = 0;
		};
/* End PBXShellScriptBuildPhase section */

/* Begin PBXSourcesBuildPhase section */
		D89DF7F229DEA73B00290893 /* Sources */ = {
			isa = PBXSourcesBuildPhase;
			buildActionMask = 2147483647;
			files = (
				D89DF7FE29DEA73B00290893 /* ViewController.swift in Sources */,
				D89DF7FA29DEA73B00290893 /* AppDelegate.swift in Sources */,
				D89DF7FC29DEA73B00290893 /* SceneDelegate.swift in Sources */,
			);
			runOnlyForDeploymentPostprocessing = 0;
		};
		D89DF80D29DEA7E800290893 /* Sources */ = {
			isa = PBXSourcesBuildPhase;
			buildActionMask = 2147483647;
			files = (
				D89DF81829DEA7E800290893 /* ViewController.swift in Sources */,
				D89DF81429DEA7E800290893 /* AppDelegate.swift in Sources */,
				D89DF81629DEA7E800290893 /* SceneDelegate.swift in Sources */,
			);
			runOnlyForDeploymentPostprocessing = 0;
		};
/* End PBXSourcesBuildPhase section */

/* Begin PBXVariantGroup section */
		D89DF7FF29DEA73B00290893 /* Main.storyboard */ = {
			isa = PBXVariantGroup;
			children = (
				D89DF80029DEA73B00290893 /* Base */,
			);
			name = Main.storyboard;
			sourceTree = "<group>";
		};
		D89DF80429DEA73B00290893 /* LaunchScreen.storyboard */ = {
			isa = PBXVariantGroup;
			children = (
				D89DF80529DEA73B00290893 /* Base */,
			);
			name = LaunchScreen.storyboard;
			sourceTree = "<group>";
		};
		D89DF81929DEA7E800290893 /* Main.storyboard */ = {
			isa = PBXVariantGroup;
			children = (
				D89DF81A29DEA7E800290893 /* Base */,
			);
			name = Main.storyboard;
			sourceTree = "<group>";
		};
		D89DF81E29DEA7E900290893 /* LaunchScreen.storyboard */ = {
			isa = PBXVariantGroup;
			children = (
				D89DF81F29DEA7E900290893 /* Base */,
			);
			name = LaunchScreen.storyboard;
			sourceTree = "<group>";
		};
/* End PBXVariantGroup section */

/* Begin XCBuildConfiguration section */
		D89DF80829DEA73B00290893 /* Debug */ = {
			isa = XCBuildConfiguration;
			buildSettings = {
				ALWAYS_SEARCH_USER_PATHS = NO;
				CLANG_ANALYZER_NONNULL = YES;
				CLANG_ANALYZER_NUMBER_OBJECT_CONVERSION = YES_AGGRESSIVE;
				CLANG_CXX_LANGUAGE_STANDARD = "gnu++20";
				CLANG_ENABLE_MODULES = YES;
				CLANG_ENABLE_OBJC_ARC = YES;
				CLANG_ENABLE_OBJC_WEAK = YES;
				CLANG_WARN_BLOCK_CAPTURE_AUTORELEASING = YES;
				CLANG_WARN_BOOL_CONVERSION = YES;
				CLANG_WARN_COMMA = YES;
				CLANG_WARN_CONSTANT_CONVERSION = YES;
				CLANG_WARN_DEPRECATED_OBJC_IMPLEMENTATIONS = YES;
				CLANG_WARN_DIRECT_OBJC_ISA_USAGE = YES_ERROR;
				CLANG_WARN_DOCUMENTATION_COMMENTS = YES;
				CLANG_WARN_EMPTY_BODY = YES;
				CLANG_WARN_ENUM_CONVERSION = YES;
				CLANG_WARN_INFINITE_RECURSION = YES;
				CLANG_WARN_INT_CONVERSION = YES;
				CLANG_WARN_NON_LITERAL_NULL_CONVERSION = YES;
				CLANG_WARN_OBJC_IMPLICIT_RETAIN_SELF = YES;
				CLANG_WARN_OBJC_LITERAL_CONVERSION = YES;
				CLANG_WARN_OBJC_ROOT_CLASS = YES_ERROR;
				CLANG_WARN_QUOTED_INCLUDE_IN_FRAMEWORK_HEADER = YES;
				CLANG_WARN_RANGE_LOOP_ANALYSIS = YES;
				CLANG_WARN_STRICT_PROTOTYPES = YES;
				CLANG_WARN_SUSPICIOUS_MOVE = YES;
				CLANG_WARN_UNGUARDED_AVAILABILITY = YES_AGGRESSIVE;
				CLANG_WARN_UNREACHABLE_CODE = YES;
				CLANG_WARN__DUPLICATE_METHOD_MATCH = YES;
				COPY_PHASE_STRIP = NO;
				DEBUG_INFORMATION_FORMAT = dwarf;
				ENABLE_STRICT_OBJC_MSGSEND = YES;
				ENABLE_TESTABILITY = YES;
				GCC_C_LANGUAGE_STANDARD = gnu11;
				GCC_DYNAMIC_NO_PIC = NO;
				GCC_NO_COMMON_BLOCKS = YES;
				GCC_OPTIMIZATION_LEVEL = 0;
				GCC_PREPROCESSOR_DEFINITIONS = (
					"DEBUG=1",
					"$(inherited)",
				);
				GCC_WARN_64_TO_32_BIT_CONVERSION = YES;
				GCC_WARN_ABOUT_RETURN_TYPE = YES_ERROR;
				GCC_WARN_UNDECLARED_SELECTOR = YES;
				GCC_WARN_UNINITIALIZED_AUTOS = YES_AGGRESSIVE;
				GCC_WARN_UNUSED_FUNCTION = YES;
				GCC_WARN_UNUSED_VARIABLE = YES;
				IPHONEOS_DEPLOYMENT_TARGET = 16.2;
				MTL_ENABLE_DEBUG_INFO = INCLUDE_SOURCE;
				MTL_FAST_MATH = YES;
				ONLY_ACTIVE_ARCH = YES;
				SDKROOT = iphoneos;
				SWIFT_ACTIVE_COMPILATION_CONDITIONS = DEBUG;
				SWIFT_OPTIMIZATION_LEVEL = "-Onone";
			};
			name = Debug;
		};
		D89DF80929DEA73B00290893 /* Release */ = {
			isa = XCBuildConfiguration;
			buildSettings = {
				ALWAYS_SEARCH_USER_PATHS = NO;
				CLANG_ANALYZER_NONNULL = YES;
				CLANG_ANALYZER_NUMBER_OBJECT_CONVERSION = YES_AGGRESSIVE;
				CLANG_CXX_LANGUAGE_STANDARD = "gnu++20";
				CLANG_ENABLE_MODULES = YES;
				CLANG_ENABLE_OBJC_ARC = YES;
				CLANG_ENABLE_OBJC_WEAK = YES;
				CLANG_WARN_BLOCK_CAPTURE_AUTORELEASING = YES;
				CLANG_WARN_BOOL_CONVERSION = YES;
				CLANG_WARN_COMMA = YES;
				CLANG_WARN_CONSTANT_CONVERSION = YES;
				CLANG_WARN_DEPRECATED_OBJC_IMPLEMENTATIONS = YES;
				CLANG_WARN_DIRECT_OBJC_ISA_USAGE = YES_ERROR;
				CLANG_WARN_DOCUMENTATION_COMMENTS = YES;
				CLANG_WARN_EMPTY_BODY = YES;
				CLANG_WARN_ENUM_CONVERSION = YES;
				CLANG_WARN_INFINITE_RECURSION = YES;
				CLANG_WARN_INT_CONVERSION = YES;
				CLANG_WARN_NON_LITERAL_NULL_CONVERSION = YES;
				CLANG_WARN_OBJC_IMPLICIT_RETAIN_SELF = YES;
				CLANG_WARN_OBJC_LITERAL_CONVERSION = YES;
				CLANG_WARN_OBJC_ROOT_CLASS = YES_ERROR;
				CLANG_WARN_QUOTED_INCLUDE_IN_FRAMEWORK_HEADER = YES;
				CLANG_WARN_RANGE_LOOP_ANALYSIS = YES;
				CLANG_WARN_STRICT_PROTOTYPES = YES;
				CLANG_WARN_SUSPICIOUS_MOVE = YES;
				CLANG_WARN_UNGUARDED_AVAILABILITY = YES_AGGRESSIVE;
				CLANG_WARN_UNREACHABLE_CODE = YES;
				CLANG_WARN__DUPLICATE_METHOD_MATCH = YES;
				COPY_PHASE_STRIP = NO;
				DEBUG_INFORMATION_FORMAT = "dwarf-with-dsym";
				ENABLE_NS_ASSERTIONS = NO;
				ENABLE_STRICT_OBJC_MSGSEND = YES;
				GCC_C_LANGUAGE_STANDARD = gnu11;
				GCC_NO_COMMON_BLOCKS = YES;
				GCC_WARN_64_TO_32_BIT_CONVERSION = YES;
				GCC_WARN_ABOUT_RETURN_TYPE = YES_ERROR;
				GCC_WARN_UNDECLARED_SELECTOR = YES;
				GCC_WARN_UNINITIALIZED_AUTOS = YES_AGGRESSIVE;
				GCC_WARN_UNUSED_FUNCTION = YES;
				GCC_WARN_UNUSED_VARIABLE = YES;
				IPHONEOS_DEPLOYMENT_TARGET = 16.2;
				MTL_ENABLE_DEBUG_INFO = NO;
				MTL_FAST_MATH = YES;
				SDKROOT = iphoneos;
				SWIFT_COMPILATION_MODE = wholemodule;
				SWIFT_OPTIMIZATION_LEVEL = "-O";
				VALIDATE_PRODUCT = YES;
			};
			name = Release;
		};
		D89DF80B29DEA73B00290893 /* Debug */ = {
			isa = XCBuildConfiguration;
			baseConfigurationReference = DCC1EBC80B4E0221F6C01D0C /* Pods-Artable-eCommerce.debug.xcconfig */;
			buildSettings = {
				ASSETCATALOG_COMPILER_APPICON_NAME = AppIcon;
				ASSETCATALOG_COMPILER_GLOBAL_ACCENT_COLOR_NAME = AccentColor;
				CODE_SIGN_STYLE = Automatic;
				CURRENT_PROJECT_VERSION = 1;
				DEVELOPMENT_TEAM = 6V8RYTN3WC;
				GENERATE_INFOPLIST_FILE = YES;
				INFOPLIST_FILE = "Artable-eCommerce/Info.plist";
				INFOPLIST_KEY_UIApplicationSupportsIndirectInputEvents = YES;
				INFOPLIST_KEY_UILaunchStoryboardName = LaunchScreen;
				INFOPLIST_KEY_UIMainStoryboardFile = Main;
				INFOPLIST_KEY_UISupportedInterfaceOrientations_iPad = "UIInterfaceOrientationPortrait UIInterfaceOrientationPortraitUpsideDown UIInterfaceOrientationLandscapeLeft UIInterfaceOrientationLandscapeRight";
				INFOPLIST_KEY_UISupportedInterfaceOrientations_iPhone = "UIInterfaceOrientationPortrait UIInterfaceOrientationLandscapeLeft UIInterfaceOrientationLandscapeRight";
				IPHONEOS_DEPLOYMENT_TARGET = 16.2;
				LD_RUNPATH_SEARCH_PATHS = (
					"$(inherited)",
					"@executable_path/Frameworks",
				);
				MARKETING_VERSION = 1.0;
				PRODUCT_BUNDLE_IDENTIFIER = "com.kocakaysegul.Artable-eCommerce";
				PRODUCT_NAME = "$(TARGET_NAME)";
				SWIFT_EMIT_LOC_STRINGS = YES;
				SWIFT_VERSION = 5.0;
				TARGETED_DEVICE_FAMILY = "1,2";
			};
			name = Debug;
		};
		D89DF80C29DEA73B00290893 /* Release */ = {
			isa = XCBuildConfiguration;
			baseConfigurationReference = 5FFB715F041B7C8DC3005DFF /* Pods-Artable-eCommerce.release.xcconfig */;
			buildSettings = {
				ASSETCATALOG_COMPILER_APPICON_NAME = AppIcon;
				ASSETCATALOG_COMPILER_GLOBAL_ACCENT_COLOR_NAME = AccentColor;
				CODE_SIGN_STYLE = Automatic;
				CURRENT_PROJECT_VERSION = 1;
				DEVELOPMENT_TEAM = 6V8RYTN3WC;
				GENERATE_INFOPLIST_FILE = YES;
				INFOPLIST_FILE = "Artable-eCommerce/Info.plist";
				INFOPLIST_KEY_UIApplicationSupportsIndirectInputEvents = YES;
				INFOPLIST_KEY_UILaunchStoryboardName = LaunchScreen;
				INFOPLIST_KEY_UIMainStoryboardFile = Main;
				INFOPLIST_KEY_UISupportedInterfaceOrientations_iPad = "UIInterfaceOrientationPortrait UIInterfaceOrientationPortraitUpsideDown UIInterfaceOrientationLandscapeLeft UIInterfaceOrientationLandscapeRight";
				INFOPLIST_KEY_UISupportedInterfaceOrientations_iPhone = "UIInterfaceOrientationPortrait UIInterfaceOrientationLandscapeLeft UIInterfaceOrientationLandscapeRight";
				IPHONEOS_DEPLOYMENT_TARGET = 16.2;
				LD_RUNPATH_SEARCH_PATHS = (
					"$(inherited)",
					"@executable_path/Frameworks",
				);
				MARKETING_VERSION = 1.0;
				PRODUCT_BUNDLE_IDENTIFIER = "com.kocakaysegul.Artable-eCommerce";
				PRODUCT_NAME = "$(TARGET_NAME)";
				SWIFT_EMIT_LOC_STRINGS = YES;
				SWIFT_VERSION = 5.0;
				TARGETED_DEVICE_FAMILY = "1,2";
			};
			name = Release;
		};
		D89DF82329DEA7E900290893 /* Debug */ = {
			isa = XCBuildConfiguration;
			baseConfigurationReference = 0A3717D70D483CB4D1B0D7D9 /* Pods-ArtableAdmin.debug.xcconfig */;
			buildSettings = {
				ASSETCATALOG_COMPILER_APPICON_NAME = AppIcon;
				ASSETCATALOG_COMPILER_GLOBAL_ACCENT_COLOR_NAME = AccentColor;
				CODE_SIGN_STYLE = Automatic;
				CURRENT_PROJECT_VERSION = 1;
				DEVELOPMENT_TEAM = 6V8RYTN3WC;
				GENERATE_INFOPLIST_FILE = YES;
				INFOPLIST_FILE = ArtableAdmin/Info.plist;
				INFOPLIST_KEY_UIApplicationSupportsIndirectInputEvents = YES;
				INFOPLIST_KEY_UILaunchStoryboardName = LaunchScreen;
				INFOPLIST_KEY_UIMainStoryboardFile = Main;
				INFOPLIST_KEY_UISupportedInterfaceOrientations_iPad = "UIInterfaceOrientationPortrait UIInterfaceOrientationPortraitUpsideDown UIInterfaceOrientationLandscapeLeft UIInterfaceOrientationLandscapeRight";
				INFOPLIST_KEY_UISupportedInterfaceOrientations_iPhone = "UIInterfaceOrientationPortrait UIInterfaceOrientationLandscapeLeft UIInterfaceOrientationLandscapeRight";
				LD_RUNPATH_SEARCH_PATHS = (
					"$(inherited)",
					"@executable_path/Frameworks",
				);
				MARKETING_VERSION = 1.0;
				PRODUCT_BUNDLE_IDENTIFIER = com.kocakaysegul.ArtableAdmin;
				PRODUCT_NAME = "$(TARGET_NAME)";
				SWIFT_EMIT_LOC_STRINGS = YES;
				SWIFT_VERSION = 5.0;
				TARGETED_DEVICE_FAMILY = "1,2";
			};
			name = Debug;
		};
		D89DF82429DEA7E900290893 /* Release */ = {
			isa = XCBuildConfiguration;
			baseConfigurationReference = E1C06D77A72447FDE721BC67 /* Pods-ArtableAdmin.release.xcconfig */;
			buildSettings = {
				ASSETCATALOG_COMPILER_APPICON_NAME = AppIcon;
				ASSETCATALOG_COMPILER_GLOBAL_ACCENT_COLOR_NAME = AccentColor;
				CODE_SIGN_STYLE = Automatic;
				CURRENT_PROJECT_VERSION = 1;
				DEVELOPMENT_TEAM = 6V8RYTN3WC;
				GENERATE_INFOPLIST_FILE = YES;
				INFOPLIST_FILE = ArtableAdmin/Info.plist;
				INFOPLIST_KEY_UIApplicationSupportsIndirectInputEvents = YES;
				INFOPLIST_KEY_UILaunchStoryboardName = LaunchScreen;
				INFOPLIST_KEY_UIMainStoryboardFile = Main;
				INFOPLIST_KEY_UISupportedInterfaceOrientations_iPad = "UIInterfaceOrientationPortrait UIInterfaceOrientationPortraitUpsideDown UIInterfaceOrientationLandscapeLeft UIInterfaceOrientationLandscapeRight";
				INFOPLIST_KEY_UISupportedInterfaceOrientations_iPhone = "UIInterfaceOrientationPortrait UIInterfaceOrientationLandscapeLeft UIInterfaceOrientationLandscapeRight";
				LD_RUNPATH_SEARCH_PATHS = (
					"$(inherited)",
					"@executable_path/Frameworks",
				);
				MARKETING_VERSION = 1.0;
				PRODUCT_BUNDLE_IDENTIFIER = com.kocakaysegul.ArtableAdmin;
				PRODUCT_NAME = "$(TARGET_NAME)";
				SWIFT_EMIT_LOC_STRINGS = YES;
				SWIFT_VERSION = 5.0;
				TARGETED_DEVICE_FAMILY = "1,2";
			};
			name = Release;
		};
/* End XCBuildConfiguration section */

/* Begin XCConfigurationList section */
		D89DF7F129DEA73B00290893 /* Build configuration list for PBXProject "Artable-eCommerce" */ = {
			isa = XCConfigurationList;
			buildConfigurations = (
				D89DF80829DEA73B00290893 /* Debug */,
				D89DF80929DEA73B00290893 /* Release */,
			);
			defaultConfigurationIsVisible = 0;
			defaultConfigurationName = Release;
		};
		D89DF80A29DEA73B00290893 /* Build configuration list for PBXNativeTarget "Artable-eCommerce" */ = {
			isa = XCConfigurationList;
			buildConfigurations = (
				D89DF80B29DEA73B00290893 /* Debug */,
				D89DF80C29DEA73B00290893 /* Release */,
			);
			defaultConfigurationIsVisible = 0;
			defaultConfigurationName = Release;
		};
		D89DF82229DEA7E900290893 /* Build configuration list for PBXNativeTarget "ArtableAdmin" */ = {
			isa = XCConfigurationList;
			buildConfigurations = (
				D89DF82329DEA7E900290893 /* Debug */,
				D89DF82429DEA7E900290893 /* Release */,
			);
			defaultConfigurationIsVisible = 0;
			defaultConfigurationName = Release;
		};
/* End XCConfigurationList section */
	};
	rootObject = D89DF7EE29DEA73B00290893 /* Project object */;
}
